
Microsoft Visual Studio Solution File, Format Version 12.00
# Visual Studio Version 17
VisualStudioVersion = 17.14.36908.2 d17.14
MinimumVisualStudioVersion = 10.0.40219.1
Project("{8BC9CEB8-8B4A-11D0-8D11-00A0C91BC942}") = "librocks.NET", "librocks.NET.vcxproj", "{58171872-93A1-F5C1-8C32-24E8A955BCC2}"
EndProject
Global
	GlobalSection(SolutionConfigurationPlatforms) = preSolution
		Debug|x64 = Debug|x64
		Debug|x86 = Debug|x86
		Release|x64 = Release|x64
		Release|x86 = Release|x86
	EndGlobalSection
	GlobalSection(ProjectConfigurationPlatforms) = postSolution
		{58171872-93A1-F5C1-8C32-24E8A955BCC2}.Debug|x64.ActiveCfg = Debug|x64
		{58171872-93A1-F5C1-8C32-24E8A955BCC2}.Debug|x64.Build.0 = Debug|x64
		{58171872-93A1-F5C1-8C32-24E8A955BCC2}.Debug|x86.ActiveCfg = Debug|Win32
		{58171872-93A1-F5C1-8C32-24E8A955BCC2}.Debug|x86.Build.0 = Debug|Win32
		{58171872-93A1-F5C1-8C32-24E8A955BCC2}.Release|x64.ActiveCfg = Release|x64
		{58171872-93A1-F5C1-8C32-24E8A955BCC2}.Release|x64.Build.0 = Release|x64
		{58171872-93A1-F5C1-8C32-24E8A955BCC2}.Release|x86.ActiveCfg = Release|Win32
		{58171872-93A1-F5C1-8C32-24E8A955BCC2}.Release|x86.Build.0 = Release|Win32
	EndGlobalSection
	GlobalSection(SolutionProperties) = preSolution
		HideSolutionNode = FALSE
	EndGlobalSection
	GlobalSection(ExtensibilityGlobals) = postSolution
		SolutionGuid = {B508F3E2-9770-48AF-9E92-094BF0C4BB16}
	EndGlobalSection
EndGlobal
